
Microsoft Visual Studio Solution File, Format Version 12.00
# Visual Studio Version 17
VisualStudioVersion = 17.1.32421.90
MinimumVisualStudioVersion = 10.0.40219.1
Project("{FAE04EC0-301F-11D3-BF4B-00C04F79EFBC}") = "DoAnCuoiKi", "DoAnCuoiKi.csproj", "{2817FCAA-5F3C-4A2A-955F-2412A6310348}"
EndProject
Global
	GlobalSection(SolutionConfigurationPlatforms) = preSolution
		Debug|Any CPU = Debug|Any CPU
		Release|Any CPU = Release|Any CPU
	EndGlobalSection
	GlobalSection(ProjectConfigurationPlatforms) = postSolution
		{2817FCAA-5F3C-4A2A-955F-2412A6310348}.Debug|Any CPU.ActiveCfg = Debug|Any CPU
		{2817FCAA-5F3C-4A2A-955F-2412A6310348}.Debug|Any CPU.Build.0 = Debug|Any CPU
		{2817FCAA-5F3C-4A2A-955F-2412A6310348}.Release|Any CPU.ActiveCfg = Release|Any CPU
		{2817FCAA-5F3C-4A2A-955F-2412A6310348}.Release|Any CPU.Build.0 = Release|Any CPU
	EndGlobalSection
	GlobalSection(SolutionProperties) = preSolution
		HideSolutionNode = FALSE
	EndGlobalSection
	GlobalSection(ExtensibilityGlobals) = postSolution
		SolutionGuid = {C32B18E8-44D3-4879-B188-532E10876A8C}
	EndGlobalSection
EndGlobal
